
Microsoft Visual Studio Solution File, Format Version 12.00
# Visual Studio Version 17
VisualStudioVersion = 17.0.31903.59
MinimumVisualStudioVersion = 10.0.40219.1
Project("{FAE04EC0-301F-11D3-BF4B-00C04F79EFBC}") = "MiniDashboard.Api", "MiniDashboard.Api\MiniDashboard.Api.csproj", "{1CE374EC-7DB7-49DB-A79D-48BA0379EB72}"
EndProject
Project("{FAE04EC0-301F-11D3-BF4B-00C04F79EFBC}") = "MiniDashboard.App", "MiniDashboard.App\MiniDashboard.App.csproj", "{D79904C6-DE4F-4EE3-89D2-2BF91AE89606}"
EndProject
Project("{FAE04EC0-301F-11D3-BF4B-00C04F79EFBC}") = "MiniDashboard.Tests", "MiniDashboard.Tests\MiniDashboard.Tests.csproj", "{AB41C19D-6089-46F5-B318-E6910DDDC631}"
EndProject
Project("{FAE04EC0-301F-11D3-BF4B-00C04F79EFBC}") = "MiniDashboard.IntegrationTests", "MiniDashboard.IntegrationTests\MiniDashboard.IntegrationTests.csproj", "{774F0CEF-EE89-4905-A613-71241B39C369}"
EndProject
Global
	GlobalSection(SolutionConfigurationPlatforms) = preSolution
		Debug|Any CPU = Debug|Any CPU
		Debug|x64 = Debug|x64
		Debug|x86 = Debug|x86
		Release|Any CPU = Release|Any CPU
		Release|x64 = Release|x64
		Release|x86 = Release|x86
	EndGlobalSection
	GlobalSection(ProjectConfigurationPlatforms) = postSolution
		{1CE374EC-7DB7-49DB-A79D-48BA0379EB72}.Debug|Any CPU.ActiveCfg = Debug|Any CPU
		{1CE374EC-7DB7-49DB-A79D-48BA0379EB72}.Debug|Any CPU.Build.0 = Debug|Any CPU
		{1CE374EC-7DB7-49DB-A79D-48BA0379EB72}.Debug|x64.ActiveCfg = Debug|Any CPU
		{1CE374EC-7DB7-49DB-A79D-48BA0379EB72}.Debug|x64.Build.0 = Debug|Any CPU
		{1CE374EC-7DB7-49DB-A79D-48BA0379EB72}.Debug|x86.ActiveCfg = Debug|Any CPU
		{1CE374EC-7DB7-49DB-A79D-48BA0379EB72}.Debug|x86.Build.0 = Debug|Any CPU
		{1CE374EC-7DB7-49DB-A79D-48BA0379EB72}.Release|Any CPU.ActiveCfg = Release|Any CPU
		{1CE374EC-7DB7-49DB-A79D-48BA0379EB72}.Release|Any CPU.Build.0 = Release|Any CPU
		{1CE374EC-7DB7-49DB-A79D-48BA0379EB72}.Release|x64.ActiveCfg = Release|Any CPU
		{1CE374EC-7DB7-49DB-A79D-48BA0379EB72}.Release|x64.Build.0 = Release|Any CPU
		{1CE374EC-7DB7-49DB-A79D-48BA0379EB72}.Release|x86.ActiveCfg = Release|Any CPU
		{1CE374EC-7DB7-49DB-A79D-48BA0379EB72}.Release|x86.Build.0 = Release|Any CPU
		{D79904C6-DE4F-4EE3-89D2-2BF91AE89606}.Debug|Any CPU.ActiveCfg = Debug|Any CPU
		{D79904C6-DE4F-4EE3-89D2-2BF91AE89606}.Debug|Any CPU.Build.0 = Debug|Any CPU
		{D79904C6-DE4F-4EE3-89D2-2BF91AE89606}.Debug|x64.ActiveCfg = Debug|Any CPU
		{D79904C6-DE4F-4EE3-89D2-2BF91AE89606}.Debug|x64.Build.0 = Debug|Any CPU
		{D79904C6-DE4F-4EE3-89D2-2BF91AE89606}.Debug|x86.ActiveCfg = Debug|Any CPU
		{D79904C6-DE4F-4EE3-89D2-2BF91AE89606}.Debug|x86.Build.0 = Debug|Any CPU
		{D79904C6-DE4F-4EE3-89D2-2BF91AE89606}.Release|Any CPU.ActiveCfg = Release|Any CPU
		{D79904C6-DE4F-4EE3-89D2-2BF91AE89606}.Release|Any CPU.Build.0 = Release|Any CPU
		{D79904C6-DE4F-4EE3-89D2-2BF91AE89606}.Release|x64.ActiveCfg = Release|Any CPU
		{D79904C6-DE4F-4EE3-89D2-2BF91AE89606}.Release|x64.Build.0 = Release|Any CPU
		{D79904C6-DE4F-4EE3-89D2-2BF91AE89606}.Release|x86.ActiveCfg = Release|Any CPU
		{D79904C6-DE4F-4EE3-89D2-2BF91AE89606}.Release|x86.Build.0 = Release|Any CPU
		{AB41C19D-6089-46F5-B318-E6910DDDC631}.Debug|Any CPU.ActiveCfg = Debug|Any CPU
		{AB41C19D-6089-46F5-B318-E6910DDDC631}.Debug|Any CPU.Build.0 = Debug|Any CPU
		{AB41C19D-6089-46F5-B318-E6910DDDC631}.Debug|x64.ActiveCfg = Debug|Any CPU
		{AB41C19D-6089-46F5-B318-E6910DDDC631}.Debug|x64.Build.0 = Debug|Any CPU
		{AB41C19D-6089-46F5-B318-E6910DDDC631}.Debug|x86.ActiveCfg = Debug|Any CPU
		{AB41C19D-6089-46F5-B318-E6910DDDC631}.Debug|x86.Build.0 = Debug|Any CPU
		{AB41C19D-6089-46F5-B318-E6910DDDC631}.Release|Any CPU.ActiveCfg = Release|Any CPU
		{AB41C19D-6089-46F5-B318-E6910DDDC631}.Release|Any CPU.Build.0 = Release|Any CPU
		{AB41C19D-6089-46F5-B318-E6910DDDC631}.Release|x64.ActiveCfg = Release|Any CPU
		{AB41C19D-6089-46F5-B318-E6910DDDC631}.Release|x64.Build.0 = Release|Any CPU
		{AB41C19D-6089-46F5-B318-E6910DDDC631}.Release|x86.ActiveCfg = Release|Any CPU
		{AB41C19D-6089-46F5-B318-E6910DDDC631}.Release|x86.Build.0 = Release|Any CPU
		{774F0CEF-EE89-4905-A613-71241B39C369}.Debug|Any CPU.ActiveCfg = Debug|Any CPU
		{774F0CEF-EE89-4905-A613-71241B39C369}.Debug|Any CPU.Build.0 = Debug|Any CPU
		{774F0CEF-EE89-4905-A613-71241B39C369}.Debug|x64.ActiveCfg = Debug|Any CPU
		{774F0CEF-EE89-4905-A613-71241B39C369}.Debug|x64.Build.0 = Debug|Any CPU
		{774F0CEF-EE89-4905-A613-71241B39C369}.Debug|x86.ActiveCfg = Debug|Any CPU
		{774F0CEF-EE89-4905-A613-71241B39C369}.Debug|x86.Build.0 = Debug|Any CPU
		{774F0CEF-EE89-4905-A613-71241B39C369}.Release|Any CPU.ActiveCfg = Release|Any CPU
		{774F0CEF-EE89-4905-A613-71241B39C369}.Release|Any CPU.Build.0 = Release|Any CPU
		{774F0CEF-EE89-4905-A613-71241B39C369}.Release|x64.ActiveCfg = Release|Any CPU
		{774F0CEF-EE89-4905-A613-71241B39C369}.Release|x64.Build.0 = Release|Any CPU
		{774F0CEF-EE89-4905-A613-71241B39C369}.Release|x86.ActiveCfg = Release|Any CPU
		{774F0CEF-EE89-4905-A613-71241B39C369}.Release|x86.Build.0 = Release|Any CPU
	EndGlobalSection
	GlobalSection(SolutionProperties) = preSolution
		HideSolutionNode = FALSE
	EndGlobalSection
EndGlobal
